
Microsoft Visual Studio Solution File, Format Version 12.00
# Visual Studio Version 17
VisualStudioVersion = 17.10.35013.160
MinimumVisualStudioVersion = 10.0.40219.1
Project("{FAE04EC0-301F-11D3-BF4B-00C04F79EFBC}") = "C42-G01-EF01", "C42-G01-EF01\C42-G01-EF01.csproj", "{C852ABFD-97E0-4E19-819C-B8FFF6D27ED6}"
EndProject
Global
	GlobalSection(SolutionConfigurationPlatforms) = preSolution
		Debug|Any CPU = Debug|Any CPU
		Release|Any CPU = Release|Any CPU
	EndGlobalSection
	GlobalSection(ProjectConfigurationPlatforms) = postSolution
		{C852ABFD-97E0-4E19-819C-B8FFF6D27ED6}.Debug|Any CPU.ActiveCfg = Debug|Any CPU
		{C852ABFD-97E0-4E19-819C-B8FFF6D27ED6}.Debug|Any CPU.Build.0 = Debug|Any CPU
		{C852ABFD-97E0-4E19-819C-B8FFF6D27ED6}.Release|Any CPU.ActiveCfg = Release|Any CPU
		{C852ABFD-97E0-4E19-819C-B8FFF6D27ED6}.Release|Any CPU.Build.0 = Release|Any CPU
	EndGlobalSection
	GlobalSection(SolutionProperties) = preSolution
		HideSolutionNode = FALSE
	EndGlobalSection
	GlobalSection(ExtensibilityGlobals) = postSolution
		SolutionGuid = {D877475B-A782-4A40-B099-6866ED46EEFF}
	EndGlobalSection
EndGlobal
